
Microsoft Visual Studio Solution File, Format Version 12.00
# Visual Studio Version 17
VisualStudioVersion = 17.0.31903.59
MinimumVisualStudioVersion = 10.0.40219.1
Project("{FAE04EC0-301F-11D3-BF4B-00C04F79EFBC}") = "ProposalOrchestrator", "ProposalOrchestrator.csproj", "{B9C6EBF8-B2A5-2ECA-2D24-B9BF488FCDE3}"
EndProject
Project("{2150E333-8FDC-42A3-9474-1A3956D46DE8}") = "src", "src", "{02EA681E-C7D8-13C7-8484-4AC65E1B71E8}"
EndProject
Project("{2150E333-8FDC-42A3-9474-1A3956D46DE8}") = "Solution Items", "Solution Items", "{32E088E1-0DFD-494A-B69E-7B3E2F6F2986}"
	ProjectSection(SolutionItems) = preProject
		.gitignore = .gitignore
	EndProjectSection
EndProject
Global
	GlobalSection(SolutionConfigurationPlatforms) = preSolution
		Debug|Any CPU = Debug|Any CPU
		Release|Any CPU = Release|Any CPU
	EndGlobalSection
	GlobalSection(ProjectConfigurationPlatforms) = postSolution
		{B9C6EBF8-B2A5-2ECA-2D24-B9BF488FCDE3}.Debug|Any CPU.ActiveCfg = Debug|Any CPU
		{B9C6EBF8-B2A5-2ECA-2D24-B9BF488FCDE3}.Debug|Any CPU.Build.0 = Debug|Any CPU
		{B9C6EBF8-B2A5-2ECA-2D24-B9BF488FCDE3}.Release|Any CPU.ActiveCfg = Release|Any CPU
		{B9C6EBF8-B2A5-2ECA-2D24-B9BF488FCDE3}.Release|Any CPU.Build.0 = Release|Any CPU
	EndGlobalSection
	GlobalSection(SolutionProperties) = preSolution
		HideSolutionNode = FALSE
	EndGlobalSection
	GlobalSection(NestedProjects) = preSolution
		{B9C6EBF8-B2A5-2ECA-2D24-B9BF488FCDE3} = {02EA681E-C7D8-13C7-8484-4AC65E1B71E8}
	EndGlobalSection
	GlobalSection(ExtensibilityGlobals) = postSolution
		SolutionGuid = {98FDB3EB-B7C1-4E0C-A7BB-BEA3036B4AB8}
	EndGlobalSection
EndGlobal
